// !$*UTF8*$!
{
	archiveVersion = 1;
	classes = {
	};
	objectVersion = 56;
	objects = {

/* Begin PBXBuildFile section */
		290402442C7798D500427C5E /* SwiftUIWebView.swift in Sources */ = {isa = PBXBuildFile; fileRef = 290402432C7798D500427C5E /* SwiftUIWebView.swift */; };
		293498992C766AC500AB7CA6 /* Option1View.swift in Sources */ = {isa = PBXBuildFile; fileRef = 293498982C766AC400AB7CA6 /* Option1View.swift */; };
		2934989B2C766C7F00AB7CA6 /* Option2View.swift in Sources */ = {isa = PBXBuildFile; fileRef = 2934989A2C766C7F00AB7CA6 /* Option2View.swift */; };
		2934989D2C766C9100AB7CA6 /* Option3View.swift in Sources */ = {isa = PBXBuildFile; fileRef = 2934989C2C766C9100AB7CA6 /* Option3View.swift */; };
		2934989F2C766C9D00AB7CA6 /* Option4View.swift in Sources */ = {isa = PBXBuildFile; fileRef = 2934989E2C766C9D00AB7CA6 /* Option4View.swift */; };
		293498A12C766CA700AB7CA6 /* Option5View.swift in Sources */ = {isa = PBXBuildFile; fileRef = 293498A02C766CA700AB7CA6 /* Option5View.swift */; };
		293498A32C766CC600AB7CA6 /* Option6View.swift in Sources */ = {isa = PBXBuildFile; fileRef = 293498A22C766CC600AB7CA6 /* Option6View.swift */; };
		293498A52C766CD300AB7CA6 /* Option7View.swift in Sources */ = {isa = PBXBuildFile; fileRef = 293498A42C766CD300AB7CA6 /* Option7View.swift */; };
		297183162C8B5E7100E66AF3 /* WebView.swift in Sources */ = {isa = PBXBuildFile; fileRef = 297183152C8B5E7100E66AF3 /* WebView.swift */; };
		29BD82672C8A0F2A0098508F /* SplashScreenView.swift in Sources */ = {isa = PBXBuildFile; fileRef = 29BD82662C8A0F2A0098508F /* SplashScreenView.swift */; };
		29CA33482CCFEA710076A00B /* LoginView.swift in Sources */ = {isa = PBXBuildFile; fileRef = 29CA33472CCFEA710076A00B /* LoginView.swift */; };
		29DB427B2C76490E00D8AF89 /* NUApp.swift in Sources */ = {isa = PBXBuildFile; fileRef = 29DB427A2C76490E00D8AF89 /* NUApp.swift */; };
		29DB427D2C76490E00D8AF89 /* ContentView.swift in Sources */ = {isa = PBXBuildFile; fileRef = 29DB427C2C76490E00D8AF89 /* ContentView.swift */; };
		29DB427F2C76491000D8AF89 /* Assets.xcassets in Resources */ = {isa = PBXBuildFile; fileRef = 29DB427E2C76491000D8AF89 /* Assets.xcassets */; };
		29DB42822C76491000D8AF89 /* Preview Assets.xcassets in Resources */ = {isa = PBXBuildFile; fileRef = 29DB42812C76491000D8AF89 /* Preview Assets.xcassets */; };
		29DB428C2C76491000D8AF89 /* NUTests.swift in Sources */ = {isa = PBXBuildFile; fileRef = 29DB428B2C76491000D8AF89 /* NUTests.swift */; };
		29DB42962C76491000D8AF89 /* NUUITests.swift in Sources */ = {isa = PBXBuildFile; fileRef = 29DB42952C76491000D8AF89 /* NUUITests.swift */; };
		29DB42982C76491000D8AF89 /* NUUITestsLaunchTests.swift in Sources */ = {isa = PBXBuildFile; fileRef = 29DB42972C76491000D8AF89 /* NUUITestsLaunchTests.swift */; };
		29E361982C769AAA0080012A /* XMLCoder in Frameworks */ = {isa = PBXBuildFile; productRef = 29E361972C769AAA0080012A /* XMLCoder */; };
		29F01C332C76A01A0065FB20 /* NewsFetcher.swift in Sources */ = {isa = PBXBuildFile; fileRef = 29F01C322C76A01A0065FB20 /* NewsFetcher.swift */; };
/* End PBXBuildFile section */

/* Begin PBXContainerItemProxy section */
		29DB42882C76491000D8AF89 /* PBXContainerItemProxy */ = {
			isa = PBXContainerItemProxy;
			containerPortal = 29DB426F2C76490E00D8AF89 /* Project object */;
			proxyType = 1;
			remoteGlobalIDString = 29DB42762C76490E00D8AF89;
			remoteInfo = NU;
		};
		29DB42922C76491000D8AF89 /* PBXContainerItemProxy */ = {
			isa = PBXContainerItemProxy;
			containerPortal = 29DB426F2C76490E00D8AF89 /* Project object */;
			proxyType = 1;
			remoteGlobalIDString = 29DB42762C76490E00D8AF89;
			remoteInfo = NU;
		};
/* End PBXContainerItemProxy section */

/* Begin PBXFileReference section */
		290402432C7798D500427C5E /* SwiftUIWebView.swift */ = {isa = PBXFileReference; lastKnownFileType = sourcecode.swift; path = SwiftUIWebView.swift; sourceTree = "<group>"; };
		293498982C766AC400AB7CA6 /* Option1View.swift */ = {isa = PBXFileReference; lastKnownFileType = sourcecode.swift; path = Option1View.swift; sourceTree = "<group>"; };
		2934989A2C766C7F00AB7CA6 /* Option2View.swift */ = {isa = PBXFileReference; lastKnownFileType = sourcecode.swift; path = Option2View.swift; sourceTree = "<group>"; };
		2934989C2C766C9100AB7CA6 /* Option3View.swift */ = {isa = PBXFileReference; lastKnownFileType = sourcecode.swift; path = Option3View.swift; sourceTree = "<group>"; };
		2934989E2C766C9D00AB7CA6 /* Option4View.swift */ = {isa = PBXFileReference; lastKnownFileType = sourcecode.swift; path = Option4View.swift; sourceTree = "<group>"; };
		293498A02C766CA700AB7CA6 /* Option5View.swift */ = {isa = PBXFileReference; lastKnownFileType = sourcecode.swift; path = Option5View.swift; sourceTree = "<group>"; };
		293498A22C766CC600AB7CA6 /* Option6View.swift */ = {isa = PBXFileReference; lastKnownFileType = sourcecode.swift; path = Option6View.swift; sourceTree = "<group>"; };
		293498A42C766CD300AB7CA6 /* Option7View.swift */ = {isa = PBXFileReference; lastKnownFileType = sourcecode.swift; path = Option7View.swift; sourceTree = "<group>"; };
		297183152C8B5E7100E66AF3 /* WebView.swift */ = {isa = PBXFileReference; lastKnownFileType = sourcecode.swift; path = WebView.swift; sourceTree = "<group>"; };
		29BD82662C8A0F2A0098508F /* SplashScreenView.swift */ = {isa = PBXFileReference; lastKnownFileType = sourcecode.swift; path = SplashScreenView.swift; sourceTree = "<group>"; };
		29CA33472CCFEA710076A00B /* LoginView.swift */ = {isa = PBXFileReference; lastKnownFileType = sourcecode.swift; path = LoginView.swift; sourceTree = "<group>"; };
		29DB42772C76490E00D8AF89 /* nunu.app */ = {isa = PBXFileReference; explicitFileType = wrapper.application; includeInIndex = 0; path = nunu.app; sourceTree = BUILT_PRODUCTS_DIR; };
		29DB427A2C76490E00D8AF89 /* NUApp.swift */ = {isa = PBXFileReference; lastKnownFileType = sourcecode.swift; path = NUApp.swift; sourceTree = "<group>"; };
		29DB427C2C76490E00D8AF89 /* ContentView.swift */ = {isa = PBXFileReference; lastKnownFileType = sourcecode.swift; path = ContentView.swift; sourceTree = "<group>"; };
		29DB427E2C76491000D8AF89 /* Assets.xcassets */ = {isa = PBXFileReference; lastKnownFileType = folder.assetcatalog; path = Assets.xcassets; sourceTree = "<group>"; };
		29DB42812C76491000D8AF89 /* Preview Assets.xcassets */ = {isa = PBXFileReference; lastKnownFileType = folder.assetcatalog; path = "Preview Assets.xcassets"; sourceTree = "<group>"; };
		29DB42872C76491000D8AF89 /* nunuTests.xctest */ = {isa = PBXFileReference; explicitFileType = wrapper.cfbundle; includeInIndex = 0; path = nunuTests.xctest; sourceTree = BUILT_PRODUCTS_DIR; };
		29DB428B2C76491000D8AF89 /* NUTests.swift */ = {isa = PBXFileReference; lastKnownFileType = sourcecode.swift; path = NUTests.swift; sourceTree = "<group>"; };
		29DB42912C76491000D8AF89 /* nunuUITests.xctest */ = {isa = PBXFileReference; explicitFileType = wrapper.cfbundle; includeInIndex = 0; path = nunuUITests.xctest; sourceTree = BUILT_PRODUCTS_DIR; };
		29DB42952C76491000D8AF89 /* NUUITests.swift */ = {isa = PBXFileReference; lastKnownFileType = sourcecode.swift; path = NUUITests.swift; sourceTree = "<group>"; };
		29DB42972C76491000D8AF89 /* NUUITestsLaunchTests.swift */ = {isa = PBXFileReference; lastKnownFileType = sourcecode.swift; path = NUUITestsLaunchTests.swift; sourceTree = "<group>"; };
		29F01C322C76A01A0065FB20 /* NewsFetcher.swift */ = {isa = PBXFileReference; lastKnownFileType = sourcecode.swift; path = NewsFetcher.swift; sourceTree = "<group>"; };
/* End PBXFileReference section */

/* Begin PBXFrameworksBuildPhase section */
		29DB42742C76490E00D8AF89 /* Frameworks */ = {
			isa = PBXFrameworksBuildPhase;
			buildActionMask = 2147483647;
			files = (
				29E361982C769AAA0080012A /* XMLCoder in Frameworks */,
			);
			runOnlyForDeploymentPostprocessing = 0;
		};
		29DB42842C76491000D8AF89 /* Frameworks */ = {
			isa = PBXFrameworksBuildPhase;
			buildActionMask = 2147483647;
			files = (
			);
			runOnlyForDeploymentPostprocessing = 0;
		};
		29DB428E2C76491000D8AF89 /* Frameworks */ = {
			isa = PBXFrameworksBuildPhase;
			buildActionMask = 2147483647;
			files = (
			);
			runOnlyForDeploymentPostprocessing = 0;
		};
/* End PBXFrameworksBuildPhase section */

/* Begin PBXGroup section */
		29DB426E2C76490E00D8AF89 = {
			isa = PBXGroup;
			children = (
				29CA33472CCFEA710076A00B /* LoginView.swift */,
				297183152C8B5E7100E66AF3 /* WebView.swift */,
				29BD82662C8A0F2A0098508F /* SplashScreenView.swift */,
				290402432C7798D500427C5E /* SwiftUIWebView.swift */,
				29F01C322C76A01A0065FB20 /* NewsFetcher.swift */,
				293498982C766AC400AB7CA6 /* Option1View.swift */,
				2934989A2C766C7F00AB7CA6 /* Option2View.swift */,
				2934989C2C766C9100AB7CA6 /* Option3View.swift */,
				2934989E2C766C9D00AB7CA6 /* Option4View.swift */,
				293498A02C766CA700AB7CA6 /* Option5View.swift */,
				293498A22C766CC600AB7CA6 /* Option6View.swift */,
				293498A42C766CD300AB7CA6 /* Option7View.swift */,
				29DB42792C76490E00D8AF89 /* NU */,
				29DB428A2C76491000D8AF89 /* NUTests */,
				29DB42942C76491000D8AF89 /* NUUITests */,
				29DB42782C76490E00D8AF89 /* Products */,
			);
			sourceTree = "<group>";
		};
		29DB42782C76490E00D8AF89 /* Products */ = {
			isa = PBXGroup;
			children = (
				29DB42772C76490E00D8AF89 /* nunu.app */,
				29DB42872C76491000D8AF89 /* nunuTests.xctest */,
				29DB42912C76491000D8AF89 /* nunuUITests.xctest */,
			);
			name = Products;
			sourceTree = "<group>";
		};
		29DB42792C76490E00D8AF89 /* NU */ = {
			isa = PBXGroup;
			children = (
				29DB427A2C76490E00D8AF89 /* NUApp.swift */,
				29DB427C2C76490E00D8AF89 /* ContentView.swift */,
				29DB427E2C76491000D8AF89 /* Assets.xcassets */,
				29DB42802C76491000D8AF89 /* Preview Content */,
			);
			path = NU;
			sourceTree = "<group>";
		};
		29DB42802C76491000D8AF89 /* Preview Content */ = {
			isa = PBXGroup;
			children = (
				29DB42812C76491000D8AF89 /* Preview Assets.xcassets */,
			);
			path = "Preview Content";
			sourceTree = "<group>";
		};
		29DB428A2C76491000D8AF89 /* NUTests */ = {
			isa = PBXGroup;
			children = (
				29DB428B2C76491000D8AF89 /* NUTests.swift */,
			);
			path = NUTests;
			sourceTree = "<group>";
		};
		29DB42942C76491000D8AF89 /* NUUITests */ = {
			isa = PBXGroup;
			children = (
				29DB42952C76491000D8AF89 /* NUUITests.swift */,
				29DB42972C76491000D8AF89 /* NUUITestsLaunchTests.swift */,
			);
			path = NUUITests;
			sourceTree = "<group>";
		};
/* End PBXGroup section */

/* Begin PBXNativeTarget section */
		29DB42762C76490E00D8AF89 /* nunu */ = {
			isa = PBXNativeTarget;
			buildConfigurationList = 29DB429B2C76491000D8AF89 /* Build configuration list for PBXNativeTarget "nunu" */;
			buildPhases = (
				29DB42732C76490E00D8AF89 /* Sources */,
				29DB42742C76490E00D8AF89 /* Frameworks */,
				29DB42752C76490E00D8AF89 /* Resources */,
			);
			buildRules = (
			);
			dependencies = (
			);
			name = nunu;
			packageProductDependencies = (
				29E361972C769AAA0080012A /* XMLCoder */,
			);
			productName = NU;
			productReference = 29DB42772C76490E00D8AF89 /* nunu.app */;
			productType = "com.apple.product-type.application";
		};
		29DB42862C76491000D8AF89 /* nunuTests */ = {
			isa = PBXNativeTarget;
			buildConfigurationList = 29DB429E2C76491000D8AF89 /* Build configuration list for PBXNativeTarget "nunuTests" */;
			buildPhases = (
				29DB42832C76491000D8AF89 /* Sources */,
				29DB42842C76491000D8AF89 /* Frameworks */,
				29DB42852C76491000D8AF89 /* Resources */,
			);
			buildRules = (
			);
			dependencies = (
				29DB42892C76491000D8AF89 /* PBXTargetDependency */,
			);
			name = nunuTests;
			productName = NUTests;
			productReference = 29DB42872C76491000D8AF89 /* nunuTests.xctest */;
			productType = "com.apple.product-type.bundle.unit-test";
		};
		29DB42902C76491000D8AF89 /* nunuUITests */ = {
			isa = PBXNativeTarget;
			buildConfigurationList = 29DB42A12C76491000D8AF89 /* Build configuration list for PBXNativeTarget "nunuUITests" */;
			buildPhases = (
				29DB428D2C76491000D8AF89 /* Sources */,
				29DB428E2C76491000D8AF89 /* Frameworks */,
				29DB428F2C76491000D8AF89 /* Resources */,
			);
			buildRules = (
			);
			dependencies = (
				29DB42932C76491000D8AF89 /* PBXTargetDependency */,
			);
			name = nunuUITests;
			productName = NUUITests;
			productReference = 29DB42912C76491000D8AF89 /* nunuUITests.xctest */;
			productType = "com.apple.product-type.bundle.ui-testing";
		};
/* End PBXNativeTarget section */

/* Begin PBXProject section */
		29DB426F2C76490E00D8AF89 /* Project object */ = {
			isa = PBXProject;
			attributes = {
				BuildIndependentTargetsInParallel = 1;
				LastSwiftUpdateCheck = 1520;
				LastUpgradeCheck = 1520;
				TargetAttributes = {
					29DB42762C76490E00D8AF89 = {
						CreatedOnToolsVersion = 15.2;
					};
					29DB42862C76491000D8AF89 = {
						CreatedOnToolsVersion = 15.2;
						TestTargetID = 29DB42762C76490E00D8AF89;
					};
					29DB42902C76491000D8AF89 = {
						CreatedOnToolsVersion = 15.2;
						TestTargetID = 29DB42762C76490E00D8AF89;
					};
				};
			};
			buildConfigurationList = 29DB42722C76490E00D8AF89 /* Build configuration list for PBXProject "nunu" */;
			compatibilityVersion = "Xcode 14.0";
			developmentRegion = en;
			hasScannedForEncodings = 0;
			knownRegions = (
				en,
				Base,
			);
			mainGroup = 29DB426E2C76490E00D8AF89;
			packageReferences = (
				29E361962C769AA90080012A /* XCRemoteSwiftPackageReference "XMLCoder" */,
			);
			productRefGroup = 29DB42782C76490E00D8AF89 /* Products */;
			projectDirPath = "";
			projectRoot = "";
			targets = (
				29DB42762C76490E00D8AF89 /* nunu */,
				29DB42862C76491000D8AF89 /* nunuTests */,
				29DB42902C76491000D8AF89 /* nunuUITests */,
			);
		};
/* End PBXProject section */

/* Begin PBXResourcesBuildPhase section */
		29DB42752C76490E00D8AF89 /* Resources */ = {
			isa = PBXResourcesBuildPhase;
			buildActionMask = 2147483647;
			files = (
				29DB42822C76491000D8AF89 /* Preview Assets.xcassets in Resources */,
				29DB427F2C76491000D8AF89 /* Assets.xcassets in Resources */,
			);
			runOnlyForDeploymentPostprocessing = 0;
		};
		29DB42852C76491000D8AF89 /* Resources */ = {
			isa = PBXResourcesBuildPhase;
			buildActionMask = 2147483647;
			files = (
			);
			runOnlyForDeploymentPostprocessing = 0;
		};
		29DB428F2C76491000D8AF89 /* Resources */ = {
			isa = PBXResourcesBuildPhase;
			buildActionMask = 2147483647;
			files = (
			);
			runOnlyForDeploymentPostprocessing = 0;
		};
/* End PBXResourcesBuildPhase section */

/* Begin PBXSourcesBuildPhase section */
		29DB42732C76490E00D8AF89 /* Sources */ = {
			isa = PBXSourcesBuildPhase;
			buildActionMask = 2147483647;
			files = (
				290402442C7798D500427C5E /* SwiftUIWebView.swift in Sources */,
				2934989F2C766C9D00AB7CA6 /* Option4View.swift in Sources */,
				297183162C8B5E7100E66AF3 /* WebView.swift in Sources */,
				293498A12C766CA700AB7CA6 /* Option5View.swift in Sources */,
				29DB427D2C76490E00D8AF89 /* ContentView.swift in Sources */,
				2934989D2C766C9100AB7CA6 /* Option3View.swift in Sources */,
				293498992C766AC500AB7CA6 /* Option1View.swift in Sources */,
				2934989B2C766C7F00AB7CA6 /* Option2View.swift in Sources */,
				29CA33482CCFEA710076A00B /* LoginView.swift in Sources */,
				29F01C332C76A01A0065FB20 /* NewsFetcher.swift in Sources */,
				293498A52C766CD300AB7CA6 /* Option7View.swift in Sources */,
				293498A32C766CC600AB7CA6 /* Option6View.swift in Sources */,
				29DB427B2C76490E00D8AF89 /* NUApp.swift in Sources */,
				29BD82672C8A0F2A0098508F /* SplashScreenView.swift in Sources */,
			);
			runOnlyForDeploymentPostprocessing = 0;
		};
		29DB42832C76491000D8AF89 /* Sources */ = {
			isa = PBXSourcesBuildPhase;
			buildActionMask = 2147483647;
			files = (
				29DB428C2C76491000D8AF89 /* NUTests.swift in Sources */,
			);
			runOnlyForDeploymentPostprocessing = 0;
		};
		29DB428D2C76491000D8AF89 /* Sources */ = {
			isa = PBXSourcesBuildPhase;
			buildActionMask = 2147483647;
			files = (
				29DB42962C76491000D8AF89 /* NUUITests.swift in Sources */,
				29DB42982C76491000D8AF89 /* NUUITestsLaunchTests.swift in Sources */,
			);
			runOnlyForDeploymentPostprocessing = 0;
		};
/* End PBXSourcesBuildPhase section */

/* Begin PBXTargetDependency section */
		29DB42892C76491000D8AF89 /* PBXTargetDependency */ = {
			isa = PBXTargetDependency;
			target = 29DB42762C76490E00D8AF89 /* nunu */;
			targetProxy = 29DB42882C76491000D8AF89 /* PBXContainerItemProxy */;
		};
		29DB42932C76491000D8AF89 /* PBXTargetDependency */ = {
			isa = PBXTargetDependency;
			target = 29DB42762C76490E00D8AF89 /* nunu */;
			targetProxy = 29DB42922C76491000D8AF89 /* PBXContainerItemProxy */;
		};
/* End PBXTargetDependency section */

/* Begin XCBuildConfiguration section */
		29DB42992C76491000D8AF89 /* Debug */ = {
			isa = XCBuildConfiguration;
			buildSettings = {
				ALWAYS_SEARCH_USER_PATHS = NO;
				ASSETCATALOG_COMPILER_GENERATE_SWIFT_ASSET_SYMBOL_EXTENSIONS = YES;
				CLANG_ANALYZER_NONNULL = YES;
				CLANG_ANALYZER_NUMBER_OBJECT_CONVERSION = YES_AGGRESSIVE;
				CLANG_CXX_LANGUAGE_STANDARD = "gnu++20";
				CLANG_ENABLE_MODULES = YES;
				CLANG_ENABLE_OBJC_ARC = YES;
				CLANG_ENABLE_OBJC_WEAK = YES;
				CLANG_WARN_BLOCK_CAPTURE_AUTORELEASING = YES;
				CLANG_WARN_BOOL_CONVERSION = YES;
				CLANG_WARN_COMMA = YES;
				CLANG_WARN_CONSTANT_CONVERSION = YES;
				CLANG_WARN_DEPRECATED_OBJC_IMPLEMENTATIONS = YES;
				CLANG_WARN_DIRECT_OBJC_ISA_USAGE = YES_ERROR;
				CLANG_WARN_DOCUMENTATION_COMMENTS = YES;
				CLANG_WARN_EMPTY_BODY = YES;
				CLANG_WARN_ENUM_CONVERSION = YES;
				CLANG_WARN_INFINITE_RECURSION = YES;
				CLANG_WARN_INT_CONVERSION = YES;
				CLANG_WARN_NON_LITERAL_NULL_CONVERSION = YES;
				CLANG_WARN_OBJC_IMPLICIT_RETAIN_SELF = YES;
				CLANG_WARN_OBJC_LITERAL_CONVERSION = YES;
				CLANG_WARN_OBJC_ROOT_CLASS = YES_ERROR;
				CLANG_WARN_QUOTED_INCLUDE_IN_FRAMEWORK_HEADER = YES;
				CLANG_WARN_RANGE_LOOP_ANALYSIS = YES;
				CLANG_WARN_STRICT_PROTOTYPES = YES;
				CLANG_WARN_SUSPICIOUS_MOVE = YES;
				CLANG_WARN_UNGUARDED_AVAILABILITY = YES_AGGRESSIVE;
				CLANG_WARN_UNREACHABLE_CODE = YES;
				CLANG_WARN__DUPLICATE_METHOD_MATCH = YES;
				COPY_PHASE_STRIP = NO;
				DEBUG_INFORMATION_FORMAT = dwarf;
				ENABLE_STRICT_OBJC_MSGSEND = YES;
				ENABLE_TESTABILITY = YES;
				ENABLE_USER_SCRIPT_SANDBOXING = YES;
				GCC_C_LANGUAGE_STANDARD = gnu17;
				GCC_DYNAMIC_NO_PIC = NO;
				GCC_NO_COMMON_BLOCKS = YES;
				GCC_OPTIMIZATION_LEVEL = 0;
				GCC_PREPROCESSOR_DEFINITIONS = (
					"DEBUG=1",
					"$(inherited)",
				);
				GCC_WARN_64_TO_32_BIT_CONVERSION = YES;
				GCC_WARN_ABOUT_RETURN_TYPE = YES_ERROR;
				GCC_WARN_UNDECLARED_SELECTOR = YES;
				GCC_WARN_UNINITIALIZED_AUTOS = YES_AGGRESSIVE;
				GCC_WARN_UNUSED_FUNCTION = YES;
				GCC_WARN_UNUSED_VARIABLE = YES;
				IPHONEOS_DEPLOYMENT_TARGET = 17.2;
				LOCALIZATION_PREFERS_STRING_CATALOGS = YES;
				MTL_ENABLE_DEBUG_INFO = INCLUDE_SOURCE;
				MTL_FAST_MATH = YES;
				ONLY_ACTIVE_ARCH = YES;
				SDKROOT = iphoneos;
				SWIFT_ACTIVE_COMPILATION_CONDITIONS = "DEBUG $(inherited)";
				SWIFT_OPTIMIZATION_LEVEL = "-Onone";
			};
			name = Debug;
		};
		29DB429A2C76491000D8AF89 /* Release */ = {
			isa = XCBuildConfiguration;
			buildSettings = {
				ALWAYS_SEARCH_USER_PATHS = NO;
				ASSETCATALOG_COMPILER_GENERATE_SWIFT_ASSET_SYMBOL_EXTENSIONS = YES;
				CLANG_ANALYZER_NONNULL = YES;
				CLANG_ANALYZER_NUMBER_OBJECT_CONVERSION = YES_AGGRESSIVE;
				CLANG_CXX_LANGUAGE_STANDARD = "gnu++20";
				CLANG_ENABLE_MODULES = YES;
				CLANG_ENABLE_OBJC_ARC = YES;
				CLANG_ENABLE_OBJC_WEAK = YES;
				CLANG_WARN_BLOCK_CAPTURE_AUTORELEASING = YES;
				CLANG_WARN_BOOL_CONVERSION = YES;
				CLANG_WARN_COMMA = YES;
				CLANG_WARN_CONSTANT_CONVERSION = YES;
				CLANG_WARN_DEPRECATED_OBJC_IMPLEMENTATIONS = YES;
				CLANG_WARN_DIRECT_OBJC_ISA_USAGE = YES_ERROR;
				CLANG_WARN_DOCUMENTATION_COMMENTS = YES;
				CLANG_WARN_EMPTY_BODY = YES;
				CLANG_WARN_ENUM_CONVERSION = YES;
				CLANG_WARN_INFINITE_RECURSION = YES;
				CLANG_WARN_INT_CONVERSION = YES;
				CLANG_WARN_NON_LITERAL_NULL_CONVERSION = YES;
				CLANG_WARN_OBJC_IMPLICIT_RETAIN_SELF = YES;
				CLANG_WARN_OBJC_LITERAL_CONVERSION = YES;
				CLANG_WARN_OBJC_ROOT_CLASS = YES_ERROR;
				CLANG_WARN_QUOTED_INCLUDE_IN_FRAMEWORK_HEADER = YES;
				CLANG_WARN_RANGE_LOOP_ANALYSIS = YES;
				CLANG_WARN_STRICT_PROTOTYPES = YES;
				CLANG_WARN_SUSPICIOUS_MOVE = YES;
				CLANG_WARN_UNGUARDED_AVAILABILITY = YES_AGGRESSIVE;
				CLANG_WARN_UNREACHABLE_CODE = YES;
				CLANG_WARN__DUPLICATE_METHOD_MATCH = YES;
				COPY_PHASE_STRIP = NO;
				DEBUG_INFORMATION_FORMAT = "dwarf-with-dsym";
				ENABLE_NS_ASSERTIONS = NO;
				ENABLE_STRICT_OBJC_MSGSEND = YES;
				ENABLE_USER_SCRIPT_SANDBOXING = YES;
				GCC_C_LANGUAGE_STANDARD = gnu17;
				GCC_NO_COMMON_BLOCKS = YES;
				GCC_WARN_64_TO_32_BIT_CONVERSION = YES;
				GCC_WARN_ABOUT_RETURN_TYPE = YES_ERROR;
				GCC_WARN_UNDECLARED_SELECTOR = YES;
				GCC_WARN_UNINITIALIZED_AUTOS = YES_AGGRESSIVE;
				GCC_WARN_UNUSED_FUNCTION = YES;
				GCC_WARN_UNUSED_VARIABLE = YES;
				IPHONEOS_DEPLOYMENT_TARGET = 17.2;
				LOCALIZATION_PREFERS_STRING_CATALOGS = YES;
				MTL_ENABLE_DEBUG_INFO = NO;
				MTL_FAST_MATH = YES;
				SDKROOT = iphoneos;
				SWIFT_COMPILATION_MODE = wholemodule;
				VALIDATE_PRODUCT = YES;
			};
			name = Release;
		};
		29DB429C2C76491000D8AF89 /* Debug */ = {
			isa = XCBuildConfiguration;
			buildSettings = {
				ASSETCATALOG_COMPILER_APPICON_NAME = AppIcon;
				ASSETCATALOG_COMPILER_GLOBAL_ACCENT_COLOR_NAME = AccentColor;
				CODE_SIGN_STYLE = Automatic;
				CURRENT_PROJECT_VERSION = 1;
				DEVELOPMENT_ASSET_PATHS = "\"NU/Preview Content\"";
				ENABLE_PREVIEWS = YES;
				GENERATE_INFOPLIST_FILE = YES;
				INFOPLIST_KEY_UIApplicationSceneManifest_Generation = YES;
				INFOPLIST_KEY_UIApplicationSupportsIndirectInputEvents = YES;
				INFOPLIST_KEY_UILaunchScreen_Generation = YES;
				INFOPLIST_KEY_UISupportedInterfaceOrientations_iPad = "UIInterfaceOrientationPortrait UIInterfaceOrientationPortraitUpsideDown UIInterfaceOrientationLandscapeLeft UIInterfaceOrientationLandscapeRight";
				INFOPLIST_KEY_UISupportedInterfaceOrientations_iPhone = "UIInterfaceOrientationPortrait UIInterfaceOrientationLandscapeLeft UIInterfaceOrientationLandscapeRight";
				LD_RUNPATH_SEARCH_PATHS = (
					"$(inherited)",
					"@executable_path/Frameworks",
				);
				MARKETING_VERSION = 1.0;
				PRODUCT_BUNDLE_IDENTIFIER = "Advanced-Topics.NU";
				PRODUCT_NAME = "$(TARGET_NAME)";
				SWIFT_EMIT_LOC_STRINGS = YES;
				SWIFT_VERSION = 5.0;
				TARGETED_DEVICE_FAMILY = "1,2";
			};
			name = Debug;
		};
		29DB429D2C76491000D8AF89 /* Release */ = {
			isa = XCBuildConfiguration;
			buildSettings = {
				ASSETCATALOG_COMPILER_APPICON_NAME = AppIcon;
				ASSETCATALOG_COMPILER_GLOBAL_ACCENT_COLOR_NAME = AccentColor;
				CODE_SIGN_STYLE = Automatic;
				CURRENT_PROJECT_VERSION = 1;
				DEVELOPMENT_ASSET_PATHS = "\"NU/Preview Content\"";
				ENABLE_PREVIEWS = YES;
				GENERATE_INFOPLIST_FILE = YES;
				INFOPLIST_KEY_UIApplicationSceneManifest_Generation = YES;
				INFOPLIST_KEY_UIApplicationSupportsIndirectInputEvents = YES;
				INFOPLIST_KEY_UILaunchScreen_Generation = YES;
				INFOPLIST_KEY_UISupportedInterfaceOrientations_iPad = "UIInterfaceOrientationPortrait UIInterfaceOrientationPortraitUpsideDown UIInterfaceOrientationLandscapeLeft UIInterfaceOrientationLandscapeRight";
				INFOPLIST_KEY_UISupportedInterfaceOrientations_iPhone = "UIInterfaceOrientationPortrait UIInterfaceOrientationLandscapeLeft UIInterfaceOrientationLandscapeRight";
				LD_RUNPATH_SEARCH_PATHS = (
					"$(inherited)",
					"@executable_path/Frameworks",
				);
				MARKETING_VERSION = 1.0;
				PRODUCT_BUNDLE_IDENTIFIER = "Advanced-Topics.NU";
				PRODUCT_NAME = "$(TARGET_NAME)";
				SWIFT_EMIT_LOC_STRINGS = YES;
				SWIFT_VERSION = 5.0;
				TARGETED_DEVICE_FAMILY = "1,2";
			};
			name = Release;
		};
		29DB429F2C76491000D8AF89 /* Debug */ = {
			isa = XCBuildConfiguration;
			buildSettings = {
				ALWAYS_EMBED_SWIFT_STANDARD_LIBRARIES = YES;
				BUNDLE_LOADER = "$(TEST_HOST)";
				CODE_SIGN_STYLE = Automatic;
				CURRENT_PROJECT_VERSION = 1;
				GENERATE_INFOPLIST_FILE = YES;
				IPHONEOS_DEPLOYMENT_TARGET = 17.2;
				MARKETING_VERSION = 1.0;
				PRODUCT_BUNDLE_IDENTIFIER = "Advanced-Topics.NUTests";
				PRODUCT_NAME = "$(TARGET_NAME)";
				SWIFT_EMIT_LOC_STRINGS = NO;
				SWIFT_VERSION = 5.0;
				TARGETED_DEVICE_FAMILY = "1,2";
				TEST_HOST = "$(BUILT_PRODUCTS_DIR)/nunu.app/$(BUNDLE_EXECUTABLE_FOLDER_PATH)/nunu";
			};
			name = Debug;
		};
		29DB42A02C76491000D8AF89 /* Release */ = {
			isa = XCBuildConfiguration;
			buildSettings = {
				ALWAYS_EMBED_SWIFT_STANDARD_LIBRARIES = YES;
				BUNDLE_LOADER = "$(TEST_HOST)";
				CODE_SIGN_STYLE = Automatic;
				CURRENT_PROJECT_VERSION = 1;
				GENERATE_INFOPLIST_FILE = YES;
				IPHONEOS_DEPLOYMENT_TARGET = 17.2;
				MARKETING_VERSION = 1.0;
				PRODUCT_BUNDLE_IDENTIFIER = "Advanced-Topics.NUTests";
				PRODUCT_NAME = "$(TARGET_NAME)";
				SWIFT_EMIT_LOC_STRINGS = NO;
				SWIFT_VERSION = 5.0;
				TARGETED_DEVICE_FAMILY = "1,2";
				TEST_HOST = "$(BUILT_PRODUCTS_DIR)/nunu.app/$(BUNDLE_EXECUTABLE_FOLDER_PATH)/nunu";
			};
			name = Release;
		};
		29DB42A22C76491000D8AF89 /* Debug */ = {
			isa = XCBuildConfiguration;
			buildSettings = {
				ALWAYS_EMBED_SWIFT_STANDARD_LIBRARIES = YES;
				CODE_SIGN_STYLE = Automatic;
				CURRENT_PROJECT_VERSION = 1;
				GENERATE_INFOPLIST_FILE = YES;
				MARKETING_VERSION = 1.0;
				PRODUCT_BUNDLE_IDENTIFIER = "Advanced-Topics.NUUITests";
				PRODUCT_NAME = "$(TARGET_NAME)";
				SWIFT_EMIT_LOC_STRINGS = NO;
				SWIFT_VERSION = 5.0;
				TARGETED_DEVICE_FAMILY = "1,2";
				TEST_TARGET_NAME = NU;
			};
			name = Debug;
		};
		29DB42A32C76491000D8AF89 /* Release */ = {
			isa = XCBuildConfiguration;
			buildSettings = {
				ALWAYS_EMBED_SWIFT_STANDARD_LIBRARIES = YES;
				CODE_SIGN_STYLE = Automatic;
				CURRENT_PROJECT_VERSION = 1;
				GENERATE_INFOPLIST_FILE = YES;
				MARKETING_VERSION = 1.0;
				PRODUCT_BUNDLE_IDENTIFIER = "Advanced-Topics.NUUITests";
				PRODUCT_NAME = "$(TARGET_NAME)";
				SWIFT_EMIT_LOC_STRINGS = NO;
				SWIFT_VERSION = 5.0;
				TARGETED_DEVICE_FAMILY = "1,2";
				TEST_TARGET_NAME = NU;
			};
			name = Release;
		};
/* End XCBuildConfiguration section */

/* Begin XCConfigurationList section */
		29DB42722C76490E00D8AF89 /* Build configuration list for PBXProject "nunu" */ = {
			isa = XCConfigurationList;
			buildConfigurations = (
				29DB42992C76491000D8AF89 /* Debug */,
				29DB429A2C76491000D8AF89 /* Release */,
			);
			defaultConfigurationIsVisible = 0;
			defaultConfigurationName = Release;
		};
		29DB429B2C76491000D8AF89 /* Build configuration list for PBXNativeTarget "nunu" */ = {
			isa = XCConfigurationList;
			buildConfigurations = (
				29DB429C2C76491000D8AF89 /* Debug */,
				29DB429D2C76491000D8AF89 /* Release */,
			);
			defaultConfigurationIsVisible = 0;
			defaultConfigurationName = Release;
		};
		29DB429E2C76491000D8AF89 /* Build configuration list for PBXNativeTarget "nunuTests" */ = {
			isa = XCConfigurationList;
			buildConfigurations = (
				29DB429F2C76491000D8AF89 /* Debug */,
				29DB42A02C76491000D8AF89 /* Release */,
			);
			defaultConfigurationIsVisible = 0;
			defaultConfigurationName = Release;
		};
		29DB42A12C76491000D8AF89 /* Build configuration list for PBXNativeTarget "nunuUITests" */ = {
			isa = XCConfigurationList;
			buildConfigurations = (
				29DB42A22C76491000D8AF89 /* Debug */,
				29DB42A32C76491000D8AF89 /* Release */,
			);
			defaultConfigurationIsVisible = 0;
			defaultConfigurationName = Release;
		};
/* End XCConfigurationList section */

/* Begin XCRemoteSwiftPackageReference section */
		29E361962C769AA90080012A /* XCRemoteSwiftPackageReference "XMLCoder" */ = {
			isa = XCRemoteSwiftPackageReference;
			repositoryURL = "https://github.com/MaxDesiatov/XMLCoder";
			requirement = {
				kind = upToNextMajorVersion;
				minimumVersion = 0.17.1;
			};
		};
/* End XCRemoteSwiftPackageReference section */

/* Begin XCSwiftPackageProductDependency section */
		29E361972C769AAA0080012A /* XMLCoder */ = {
			isa = XCSwiftPackageProductDependency;
			package = 29E361962C769AA90080012A /* XCRemoteSwiftPackageReference "XMLCoder" */;
			productName = XMLCoder;
		};
/* End XCSwiftPackageProductDependency section */
	};
	rootObject = 29DB426F2C76490E00D8AF89 /* Project object */;
}
